Microsoft Visual Studio Solution File, Format Version 11.00
# Visual Studio 2008

Project("{274D8DB5-1414-CB04-EB25-EBF9EA573C5F}") = "Clicker_Alchemist", "Assembly-CSharp-firstpass.csproj", "{64787347-F82F-9E98-FCD3-3A2C90D58B64}"
EndProject
Project("{274D8DB5-1414-CB04-EB25-EBF9EA573C5F}") = "Clicker_Alchemist", "Assembly-CSharp.csproj", "{B75DB914-7368-18DA-41C1-312A07FB0B27}"
EndProject
Global
	GlobalSection(SolutionConfigurationPlatforms) = preSolution
		Debug|Any CPU = Debug|Any CPU
		Release|Any CPU = Release|Any CPU
	EndGlobalSection
	GlobalSection(ProjectConfigurationPlatforms) = postSolution
		{64787347-F82F-9E98-FCD3-3A2C90D58B64}.Debug|Any CPU.ActiveCfg = Debug|Any CPU
		{64787347-F82F-9E98-FCD3-3A2C90D58B64}.Debug|Any CPU.Build.0 = Debug|Any CPU
		{64787347-F82F-9E98-FCD3-3A2C90D58B64}.Release|Any CPU.ActiveCfg = Release|Any CPU
		{64787347-F82F-9E98-FCD3-3A2C90D58B64}.Release|Any CPU.Build.0 = Release|Any CPU
		{B75DB914-7368-18DA-41C1-312A07FB0B27}.Debug|Any CPU.ActiveCfg = Debug|Any CPU
		{B75DB914-7368-18DA-41C1-312A07FB0B27}.Debug|Any CPU.Build.0 = Debug|Any CPU
		{B75DB914-7368-18DA-41C1-312A07FB0B27}.Release|Any CPU.ActiveCfg = Release|Any CPU
		{B75DB914-7368-18DA-41C1-312A07FB0B27}.Release|Any CPU.Build.0 = Release|Any CPU
	EndGlobalSection
	GlobalSection(SolutionProperties) = preSolution
		HideSolutionNode = FALSE
	EndGlobalSection
	GlobalSection(MonoDevelopProperties) = preSolution
		StartupItem = Assembly-CSharp.csproj
	EndGlobalSection
EndGlobal
