
Microsoft Visual Studio Solution File, Format Version 12.00
# Visual Studio 2015
Project("{FAE04EC0-301F-11D3-BF4B-00C04F79EFBC}") = "Clicker_Alchemist.CSharp.Plugins", "Clicker_Alchemist.CSharp.Plugins.csproj", "{1C4AE257-7FED-7A33-445A-EC6F5F381BDB}"
EndProject
Project("{FAE04EC0-301F-11D3-BF4B-00C04F79EFBC}") = "Clicker_Alchemist.CSharp", "Clicker_Alchemist.CSharp.csproj", "{C6D4650D-7EFB-4C81-81D6-E4E8EDB9E016}"
EndProject
Global
	GlobalSection(SolutionConfigurationPlatforms) = preSolution
		Debug|Any CPU = Debug|Any CPU
		Release|Any CPU = Release|Any CPU
	EndGlobalSection
	GlobalSection(ProjectConfigurationPlatforms) = postSolution
		{1C4AE257-7FED-7A33-445A-EC6F5F381BDB}.Debug|Any CPU.ActiveCfg = Debug|Any CPU
		{1C4AE257-7FED-7A33-445A-EC6F5F381BDB}.Debug|Any CPU.Build.0 = Debug|Any CPU
		{1C4AE257-7FED-7A33-445A-EC6F5F381BDB}.Release|Any CPU.ActiveCfg = Release|Any CPU
		{1C4AE257-7FED-7A33-445A-EC6F5F381BDB}.Release|Any CPU.Build.0 = Release|Any CPU
		{C6D4650D-7EFB-4C81-81D6-E4E8EDB9E016}.Debug|Any CPU.ActiveCfg = Debug|Any CPU
		{C6D4650D-7EFB-4C81-81D6-E4E8EDB9E016}.Debug|Any CPU.Build.0 = Debug|Any CPU
		{C6D4650D-7EFB-4C81-81D6-E4E8EDB9E016}.Release|Any CPU.ActiveCfg = Release|Any CPU
		{C6D4650D-7EFB-4C81-81D6-E4E8EDB9E016}.Release|Any CPU.Build.0 = Release|Any CPU
	EndGlobalSection
	GlobalSection(SolutionProperties) = preSolution
		HideSolutionNode = FALSE
	EndGlobalSection
EndGlobal
